
Microsoft Visual Studio Solution File, Format Version 12.00
# Visual Studio Version 16
VisualStudioVersion = 16.0.30413.136
MinimumVisualStudioVersion = 10.0.40219.1
Project("{FAE04EC0-301F-11D3-BF4B-00C04F79EFBC}") = "Assignment3_UniversalCalculator", "Assignment3_UniversalCalculator.csproj", "{7835A64F-60E0-45B5-9157-D79BC6667762}"
EndProject
Global
	GlobalSection(SolutionConfigurationPlatforms) = preSolution
		Debug|Any CPU = Debug|Any CPU
		Release|Any CPU = Release|Any CPU
	EndGlobalSection
	GlobalSection(ProjectConfigurationPlatforms) = postSolution
		{7835A64F-60E0-45B5-9157-D79BC6667762}.Debug|Any CPU.ActiveCfg = Debug|Any CPU
		{7835A64F-60E0-45B5-9157-D79BC6667762}.Debug|Any CPU.Build.0 = Debug|Any CPU
		{7835A64F-60E0-45B5-9157-D79BC6667762}.Release|Any CPU.ActiveCfg = Release|Any CPU
		{7835A64F-60E0-45B5-9157-D79BC6667762}.Release|Any CPU.Build.0 = Release|Any CPU
	EndGlobalSection
	GlobalSection(SolutionProperties) = preSolution
		HideSolutionNode = FALSE
	EndGlobalSection
	GlobalSection(ExtensibilityGlobals) = postSolution
		SolutionGuid = {18B3A818-8148-42DB-89A9-6283A5339F5D}
	EndGlobalSection
EndGlobal
